
Microsoft Visual Studio Solution File, Format Version 12.00
# Visual Studio Version 16
VisualStudioVersion = 16.0.32630.194
MinimumVisualStudioVersion = 10.0.40219.1
Project("{FAE04EC0-301F-11D3-BF4B-00C04F79EFBC}") = "EOffice.SignDigital", "EOffice.SignDigital.csproj", "{51B8ECD9-238B-4887-9CA3-024C35BA5F96}"
EndProject
Global
	GlobalSection(SolutionConfigurationPlatforms) = preSolution
		Debug|Any CPU = Debug|Any CPU
		Release|Any CPU = Release|Any CPU
	EndGlobalSection
	GlobalSection(ProjectConfigurationPlatforms) = postSolution
		{51B8ECD9-238B-4887-9CA3-024C35BA5F96}.Debug|Any CPU.ActiveCfg = Debug|Any CPU
		{51B8ECD9-238B-4887-9CA3-024C35BA5F96}.Debug|Any CPU.Build.0 = Debug|Any CPU
		{51B8ECD9-238B-4887-9CA3-024C35BA5F96}.Release|Any CPU.ActiveCfg = Release|Any CPU
		{51B8ECD9-238B-4887-9CA3-024C35BA5F96}.Release|Any CPU.Build.0 = Release|Any CPU
	EndGlobalSection
	GlobalSection(SolutionProperties) = preSolution
		HideSolutionNode = FALSE
	EndGlobalSection
	GlobalSection(ExtensibilityGlobals) = postSolution
		SolutionGuid = {6A2B1D54-9CD6-4A8F-A36F-D072C5F9B7B3}
	EndGlobalSection
EndGlobal
