
Microsoft Visual Studio Solution File, Format Version 12.00
# Visual Studio Version 16
VisualStudioVersion = 25.0.1700.0
MinimumVisualStudioVersion = 10.0.40219.1
Project("{FAE04EC0-301F-11D3-BF4B-00C04F79EFBC}") = "EOffice.WebAPI", "EOffice.WebAPI.csproj", "{9483C846-6BEB-41E9-AA37-33683F0ACABD}"
EndProject
Global
	GlobalSection(SolutionConfigurationPlatforms) = preSolution
		Debug|Any CPU = Debug|Any CPU
		Release|Any CPU = Release|Any CPU
	EndGlobalSection
	GlobalSection(ProjectConfigurationPlatforms) = postSolution
		{9483C846-6BEB-41E9-AA37-33683F0ACABD}.Debug|Any CPU.ActiveCfg = Debug|Any CPU
		{9483C846-6BEB-41E9-AA37-33683F0ACABD}.Debug|Any CPU.Build.0 = Debug|Any CPU
		{9483C846-6BEB-41E9-AA37-33683F0ACABD}.Release|Any CPU.ActiveCfg = Release|Any CPU
		{9483C846-6BEB-41E9-AA37-33683F0ACABD}.Release|Any CPU.Build.0 = Release|Any CPU
	EndGlobalSection
	GlobalSection(SolutionProperties) = preSolution
		HideSolutionNode = FALSE
	EndGlobalSection
	GlobalSection(ExtensibilityGlobals) = postSolution
		SolutionGuid = {729A662C-B527-4DEF-A3F5-1554EB158A50}
	EndGlobalSection
EndGlobal
